
Microsoft Visual Studio Solution File, Format Version 12.00
# Visual Studio Version 17
VisualStudioVersion = 17.5.002.0
MinimumVisualStudioVersion = 10.0.40219.1
Project("{9A19103F-16F7-4668-BE54-9A1E7A4F7556}") = "dotnetapi", "dotnetapi.csproj", "{7970F136-F55A-49BF-897A-E0F201A0B38F}"
EndProject
Global
	GlobalSection(SolutionConfigurationPlatforms) = preSolution
		Debug|Any CPU = Debug|Any CPU
		Release|Any CPU = Release|Any CPU
	EndGlobalSection
	GlobalSection(ProjectConfigurationPlatforms) = postSolution
		{7970F136-F55A-49BF-897A-E0F201A0B38F}.Debug|Any CPU.ActiveCfg = Debug|Any CPU
		{7970F136-F55A-49BF-897A-E0F201A0B38F}.Debug|Any CPU.Build.0 = Debug|Any CPU
		{7970F136-F55A-49BF-897A-E0F201A0B38F}.Release|Any CPU.ActiveCfg = Release|Any CPU
		{7970F136-F55A-49BF-897A-E0F201A0B38F}.Release|Any CPU.Build.0 = Release|Any CPU
	EndGlobalSection
	GlobalSection(SolutionProperties) = preSolution
		HideSolutionNode = FALSE
	EndGlobalSection
	GlobalSection(ExtensibilityGlobals) = postSolution
		SolutionGuid = {AF53E35B-FE56-4AE5-B1F8-65F6A509FACA}
	EndGlobalSection
EndGlobal
